<?xml version="1.0" encoding="utf-8"?>
<Project ToolsVersion="4.0" xmlns="http://schemas.microsoft.com/developer/msbuild/2003">
  <ItemGroup>
    <ClCompile Include="main.cpp" />
  </ItemGroup>
  <ItemGroup>
    <ClInclude Include="GameLoop.hpp" />
    <ClInclude Include="WindowManager.hpp" />
    <ClInclude Include="BoxCollider.hpp">
      <Filter>GameObject\Component</Filter>
    </ClInclude>
    <ClInclude Include="Color.hpp">
      <Filter>GameObject\Component</Filter>
    </ClInclude>
    <ClInclude Include="GameObject.hpp">
      <Filter>GameObject</Filter>
    </ClInclude>
    <ClInclude Include="Monster.hpp">
      <Filter>GameObject</Filter>
    </ClInclude>
    <ClInclude Include="Player.hpp">
      <Filter>GameObject</Filter>
    </ClInclude>
    <ClInclude Include="Vector2.hpp">
      <Filter>Math</Filter>
    </ClInclude>
  </ItemGroup>
  <ItemGroup>
    <None Include="packages.config" />
  </ItemGroup>
  <ItemGroup>
    <Filter Include="GameObject">
      <UniqueIdentifier>{a23e90b0-095c-4078-8bc2-9ad185033f5b}</UniqueIdentifier>
    </Filter>
    <Filter Include="GameObject\Component">
      <UniqueIdentifier>{dec33ad0-4311-41bb-b856-b3e09dd0f003}</UniqueIdentifier>
    </Filter>
    <Filter Include="Math">
      <UniqueIdentifier>{38139200-1f00-4b27-a4b6-1ccc3d9d25ad}</UniqueIdentifier>
    </Filter>
  </ItemGroup>
</Project>